
Microsoft Visual Studio Solution File, Format Version 12.00
# Visual Studio Version 17
VisualStudioVersion = 17.0.32126.317
MinimumVisualStudioVersion = 10.0.40219.1
Project("{FAE04EC0-301F-11D3-BF4B-00C04F79EFBC}") = "DemoMinimalAPI", "DemoMinimalAPI.csproj", "{58230956-0D69-49A3-BDFA-8E3005616E30}"
EndProject
Global
	GlobalSection(SolutionConfigurationPlatforms) = preSolution
		Debug|Any CPU = Debug|Any CPU
		Release|Any CPU = Release|Any CPU
	EndGlobalSection
	GlobalSection(ProjectConfigurationPlatforms) = postSolution
		{58230956-0D69-49A3-BDFA-8E3005616E30}.Debug|Any CPU.ActiveCfg = Debug|Any CPU
		{58230956-0D69-49A3-BDFA-8E3005616E30}.Debug|Any CPU.Build.0 = Debug|Any CPU
		{58230956-0D69-49A3-BDFA-8E3005616E30}.Release|Any CPU.ActiveCfg = Release|Any CPU
		{58230956-0D69-49A3-BDFA-8E3005616E30}.Release|Any CPU.Build.0 = Release|Any CPU
	EndGlobalSection
	GlobalSection(SolutionProperties) = preSolution
		HideSolutionNode = FALSE
	EndGlobalSection
	GlobalSection(ExtensibilityGlobals) = postSolution
		SolutionGuid = {E2D0E6A5-84C4-401F-A5E3-CC225D8681D1}
	EndGlobalSection
EndGlobal
